// !$*UTF8*$!
{
	archiveVersion = 1;
	classes = {
	};
	objectVersion = 55;
	objects = {

/* Begin PBXBuildFile section */
		1714233B29830E9200C539B0 /* SignInView.swift in Sources */ = {isa = PBXBuildFile; fileRef = 1714233A29830E9200C539B0 /* SignInView.swift */; };
		1714233D2983187F00C539B0 /* FireBaseAuthenticator.swift in Sources */ = {isa = PBXBuildFile; fileRef = 1714233C2983187F00C539B0 /* FireBaseAuthenticator.swift */; };
		17F7149C2983569C00A9BCC2 /* SignUpView.swift in Sources */ = {isa = PBXBuildFile; fileRef = 17F7149B2983569C00A9BCC2 /* SignUpView.swift */; };
		17F7149E29838EFE00A9BCC2 /* User.swift in Sources */ = {isa = PBXBuildFile; fileRef = 17F7149D29838EFE00A9BCC2 /* User.swift */; };
		17F714A02983902100A9BCC2 /* FirebaseDatabaseConnection.swift in Sources */ = {isa = PBXBuildFile; fileRef = 17F7149F2983902100A9BCC2 /* FirebaseDatabaseConnection.swift */; };
		17F714A32983906900A9BCC2 /* FirebaseDatabase in Frameworks */ = {isa = PBXBuildFile; productRef = 17F714A22983906900A9BCC2 /* FirebaseDatabase */; };
		17F714A52983906900A9BCC2 /* FirebaseFirestore in Frameworks */ = {isa = PBXBuildFile; productRef = 17F714A42983906900A9BCC2 /* FirebaseFirestore */; };
		17F714A72983906900A9BCC2 /* FirebaseFirestoreCombine-Community in Frameworks */ = {isa = PBXBuildFile; productRef = 17F714A62983906900A9BCC2 /* FirebaseFirestoreCombine-Community */; };
		423A1B63297C87B6008DA7A0 /* DisscussView.swift in Sources */ = {isa = PBXBuildFile; fileRef = 423A1B62297C87B6008DA7A0 /* DisscussView.swift */; };
		423A1B68297C8BBE008DA7A0 /* GoogleBooksConnection Serice.swift in Sources */ = {isa = PBXBuildFile; fileRef = 423A1B67297C8BBE008DA7A0 /* GoogleBooksConnection Serice.swift */; };
		423A1B73297C9450008DA7A0 /* Volume.swift in Sources */ = {isa = PBXBuildFile; fileRef = 423A1B72297C9450008DA7A0 /* Volume.swift */; };
		423A1B76297DD4BA008DA7A0 /* SDWebImageSwiftUI in Frameworks */ = {isa = PBXBuildFile; productRef = 423A1B75297DD4BA008DA7A0 /* SDWebImageSwiftUI */; };
		423A1B79297DD4D4008DA7A0 /* SwiftyJSON in Frameworks */ = {isa = PBXBuildFile; productRef = 423A1B78297DD4D4008DA7A0 /* SwiftyJSON */; };
		423A1B80297DF761008DA7A0 /* TabBarView.swift in Sources */ = {isa = PBXBuildFile; fileRef = 423A1B7F297DF761008DA7A0 /* TabBarView.swift */; };
		423A1B82297DF82E008DA7A0 /* SearchBarView.swift in Sources */ = {isa = PBXBuildFile; fileRef = 423A1B81297DF82E008DA7A0 /* SearchBarView.swift */; };
		423A1B84297F84B1008DA7A0 /* GoogleService-Info.plist in Resources */ = {isa = PBXBuildFile; fileRef = 423A1B83297F84B1008DA7A0 /* GoogleService-Info.plist */; };
		423A1B87297F851A008DA7A0 /* FirebaseAuth in Frameworks */ = {isa = PBXBuildFile; productRef = 423A1B86297F851A008DA7A0 /* FirebaseAuth */; };
		423A1B89297F851A008DA7A0 /* FirebaseAuthCombine-Community in Frameworks */ = {isa = PBXBuildFile; productRef = 423A1B88297F851A008DA7A0 /* FirebaseAuthCombine-Community */; };
		423A1B8B297F851A008DA7A0 /* FirebaseDatabase in Frameworks */ = {isa = PBXBuildFile; productRef = 423A1B8A297F851A008DA7A0 /* FirebaseDatabase */; };
		423A1B8D297F851A008DA7A0 /* FirebaseDatabaseSwift in Frameworks */ = {isa = PBXBuildFile; productRef = 423A1B8C297F851A008DA7A0 /* FirebaseDatabaseSwift */; };
		423A1B8F297F851A008DA7A0 /* FirebaseFirestore in Frameworks */ = {isa = PBXBuildFile; productRef = 423A1B8E297F851A008DA7A0 /* FirebaseFirestore */; };
		423A1B91297F851A008DA7A0 /* FirebaseStorage in Frameworks */ = {isa = PBXBuildFile; productRef = 423A1B90297F851A008DA7A0 /* FirebaseStorage */; };
		423A1B93297F8549008DA7A0 /* AppDelegate.swift in Sources */ = {isa = PBXBuildFile; fileRef = 423A1B92297F8549008DA7A0 /* AppDelegate.swift */; };
		423A1B95297F8B0F008DA7A0 /* BookDetailedView.swift in Sources */ = {isa = PBXBuildFile; fileRef = 423A1B94297F8B0F008DA7A0 /* BookDetailedView.swift */; };
		42BD9F4129750141003DE7E0 /* BookReadingApp.swift in Sources */ = {isa = PBXBuildFile; fileRef = 42BD9F4029750141003DE7E0 /* BookReadingApp.swift */; };
		42BD9F4329750141003DE7E0 /* ContentView.swift in Sources */ = {isa = PBXBuildFile; fileRef = 42BD9F4229750141003DE7E0 /* ContentView.swift */; };
		42BD9F4529750142003DE7E0 /* Assets.xcassets in Resources */ = {isa = PBXBuildFile; fileRef = 42BD9F4429750142003DE7E0 /* Assets.xcassets */; };
		42BD9F4829750142003DE7E0 /* Preview Assets.xcassets in Resources */ = {isa = PBXBuildFile; fileRef = 42BD9F4729750142003DE7E0 /* Preview Assets.xcassets */; };
		42BD9F5C29750143003DE7E0 /* BookReadingUITests.swift in Sources */ = {isa = PBXBuildFile; fileRef = 42BD9F5B29750143003DE7E0 /* BookReadingUITests.swift */; };
		42BD9F5E29750143003DE7E0 /* BookReadingUITestsLaunchTests.swift in Sources */ = {isa = PBXBuildFile; fileRef = 42BD9F5D29750143003DE7E0 /* BookReadingUITestsLaunchTests.swift */; };
		42BD9F6B29750539003DE7E0 /* LibraryView.swift in Sources */ = {isa = PBXBuildFile; fileRef = 42BD9F6A29750539003DE7E0 /* LibraryView.swift */; };
		42BD9F6D2975056D003DE7E0 /* SearchView.swift in Sources */ = {isa = PBXBuildFile; fileRef = 42BD9F6C2975056D003DE7E0 /* SearchView.swift */; };
		42BD9F702975059F003DE7E0 /* SettingView.swift in Sources */ = {isa = PBXBuildFile; fileRef = 42BD9F6F2975059F003DE7E0 /* SettingView.swift */; };
		42BD9F7229750742003DE7E0 /* SheetManager.swift in Sources */ = {isa = PBXBuildFile; fileRef = 42BD9F7129750742003DE7E0 /* SheetManager.swift */; };
/* End PBXBuildFile section */

/* Begin PBXContainerItemProxy section */
		42BD9F4E29750143003DE7E0 /* PBXContainerItemProxy */ = {
			isa = PBXContainerItemProxy;
			containerPortal = 42BD9F3529750141003DE7E0 /* Project object */;
			proxyType = 1;
			remoteGlobalIDString = 42BD9F3C29750141003DE7E0;
			remoteInfo = BookReading;
		};
		42BD9F5829750143003DE7E0 /* PBXContainerItemProxy */ = {
			isa = PBXContainerItemProxy;
			containerPortal = 42BD9F3529750141003DE7E0 /* Project object */;
			proxyType = 1;
			remoteGlobalIDString = 42BD9F3C29750141003DE7E0;
			remoteInfo = BookReading;
		};
/* End PBXContainerItemProxy section */

/* Begin PBXFileReference section */
		1714233A29830E9200C539B0 /* SignInView.swift */ = {isa = PBXFileReference; lastKnownFileType = sourcecode.swift; path = SignInView.swift; sourceTree = "<group>"; };
		1714233C2983187F00C539B0 /* FireBaseAuthenticator.swift */ = {isa = PBXFileReference; lastKnownFileType = sourcecode.swift; path = FireBaseAuthenticator.swift; sourceTree = "<group>"; };
		17F7149B2983569C00A9BCC2 /* SignUpView.swift */ = {isa = PBXFileReference; lastKnownFileType = sourcecode.swift; path = SignUpView.swift; sourceTree = "<group>"; };
		17F7149D29838EFE00A9BCC2 /* User.swift */ = {isa = PBXFileReference; lastKnownFileType = sourcecode.swift; path = User.swift; sourceTree = "<group>"; };
		17F7149F2983902100A9BCC2 /* FirebaseDatabaseConnection.swift */ = {isa = PBXFileReference; lastKnownFileType = sourcecode.swift; path = FirebaseDatabaseConnection.swift; sourceTree = "<group>"; };
		423A1B62297C87B6008DA7A0 /* DisscussView.swift */ = {isa = PBXFileReference; lastKnownFileType = sourcecode.swift; path = DisscussView.swift; sourceTree = "<group>"; };
		423A1B67297C8BBE008DA7A0 /* GoogleBooksConnection Serice.swift */ = {isa = PBXFileReference; lastKnownFileType = sourcecode.swift; path = "GoogleBooksConnection Serice.swift"; sourceTree = "<group>"; };
		423A1B72297C9450008DA7A0 /* Volume.swift */ = {isa = PBXFileReference; lastKnownFileType = sourcecode.swift; path = Volume.swift; sourceTree = "<group>"; };
		423A1B7A297DE16F008DA7A0 /* Info.plist */ = {isa = PBXFileReference; lastKnownFileType = text.plist; path = Info.plist; sourceTree = "<group>"; };
		423A1B7F297DF761008DA7A0 /* TabBarView.swift */ = {isa = PBXFileReference; lastKnownFileType = sourcecode.swift; path = TabBarView.swift; sourceTree = "<group>"; };
		423A1B81297DF82E008DA7A0 /* SearchBarView.swift */ = {isa = PBXFileReference; lastKnownFileType = sourcecode.swift; path = SearchBarView.swift; sourceTree = "<group>"; };
		423A1B83297F84B1008DA7A0 /* GoogleService-Info.plist */ = {isa = PBXFileReference; fileEncoding = 4; lastKnownFileType = text.plist.xml; path = "GoogleService-Info.plist"; sourceTree = "<group>"; };
		423A1B92297F8549008DA7A0 /* AppDelegate.swift */ = {isa = PBXFileReference; lastKnownFileType = sourcecode.swift; path = AppDelegate.swift; sourceTree = "<group>"; };
		423A1B94297F8B0F008DA7A0 /* BookDetailedView.swift */ = {isa = PBXFileReference; lastKnownFileType = sourcecode.swift; path = BookDetailedView.swift; sourceTree = "<group>"; };
		42BD9F3D29750141003DE7E0 /* BookReading.app */ = {isa = PBXFileReference; explicitFileType = wrapper.application; includeInIndex = 0; path = BookReading.app; sourceTree = BUILT_PRODUCTS_DIR; };
		42BD9F4029750141003DE7E0 /* BookReadingApp.swift */ = {isa = PBXFileReference; lastKnownFileType = sourcecode.swift; path = BookReadingApp.swift; sourceTree = "<group>"; };
		42BD9F4229750141003DE7E0 /* ContentView.swift */ = {isa = PBXFileReference; lastKnownFileType = sourcecode.swift; path = ContentView.swift; sourceTree = "<group>"; };
		42BD9F4429750142003DE7E0 /* Assets.xcassets */ = {isa = PBXFileReference; lastKnownFileType = folder.assetcatalog; path = Assets.xcassets; sourceTree = "<group>"; };
		42BD9F4729750142003DE7E0 /* Preview Assets.xcassets */ = {isa = PBXFileReference; lastKnownFileType = folder.assetcatalog; path = "Preview Assets.xcassets"; sourceTree = "<group>"; };
		42BD9F4D29750143003DE7E0 /* BookReadingTests.xctest */ = {isa = PBXFileReference; explicitFileType = wrapper.cfbundle; includeInIndex = 0; path = BookReadingTests.xctest; sourceTree = BUILT_PRODUCTS_DIR; };
		42BD9F5729750143003DE7E0 /* BookReadingUITests.xctest */ = {isa = PBXFileReference; explicitFileType = wrapper.cfbundle; includeInIndex = 0; path = BookReadingUITests.xctest; sourceTree = BUILT_PRODUCTS_DIR; };
		42BD9F5B29750143003DE7E0 /* BookReadingUITests.swift */ = {isa = PBXFileReference; lastKnownFileType = sourcecode.swift; path = BookReadingUITests.swift; sourceTree = "<group>"; };
		42BD9F5D29750143003DE7E0 /* BookReadingUITestsLaunchTests.swift */ = {isa = PBXFileReference; lastKnownFileType = sourcecode.swift; path = BookReadingUITestsLaunchTests.swift; sourceTree = "<group>"; };
		42BD9F6A29750539003DE7E0 /* LibraryView.swift */ = {isa = PBXFileReference; lastKnownFileType = sourcecode.swift; path = LibraryView.swift; sourceTree = "<group>"; };
		42BD9F6C2975056D003DE7E0 /* SearchView.swift */ = {isa = PBXFileReference; lastKnownFileType = sourcecode.swift; path = SearchView.swift; sourceTree = "<group>"; };
		42BD9F6F2975059F003DE7E0 /* SettingView.swift */ = {isa = PBXFileReference; lastKnownFileType = sourcecode.swift; path = SettingView.swift; sourceTree = "<group>"; };
		42BD9F7129750742003DE7E0 /* SheetManager.swift */ = {isa = PBXFileReference; lastKnownFileType = sourcecode.swift; path = SheetManager.swift; sourceTree = "<group>"; };
/* End PBXFileReference section */

/* Begin PBXFrameworksBuildPhase section */
		42BD9F3A29750141003DE7E0 /* Frameworks */ = {
			isa = PBXFrameworksBuildPhase;
			buildActionMask = 2147483647;
			files = (
				423A1B8D297F851A008DA7A0 /* FirebaseDatabaseSwift in Frameworks */,
				423A1B8B297F851A008DA7A0 /* FirebaseDatabase in Frameworks */,
				423A1B79297DD4D4008DA7A0 /* SwiftyJSON in Frameworks */,
				17F714A52983906900A9BCC2 /* FirebaseFirestore in Frameworks */,
				423A1B87297F851A008DA7A0 /* FirebaseAuth in Frameworks */,
				17F714A72983906900A9BCC2 /* FirebaseFirestoreCombine-Community in Frameworks */,
				423A1B76297DD4BA008DA7A0 /* SDWebImageSwiftUI in Frameworks */,
				423A1B91297F851A008DA7A0 /* FirebaseStorage in Frameworks */,
				17F714A32983906900A9BCC2 /* FirebaseDatabase in Frameworks */,
				423A1B89297F851A008DA7A0 /* FirebaseAuthCombine-Community in Frameworks */,
				423A1B8F297F851A008DA7A0 /* FirebaseFirestore in Frameworks */,
			);
			runOnlyForDeploymentPostprocessing = 0;
		};
		42BD9F4A29750143003DE7E0 /* Frameworks */ = {
			isa = PBXFrameworksBuildPhase;
			buildActionMask = 2147483647;
			files = (
			);
			runOnlyForDeploymentPostprocessing = 0;
		};
		42BD9F5429750143003DE7E0 /* Frameworks */ = {
			isa = PBXFrameworksBuildPhase;
			buildActionMask = 2147483647;
			files = (
			);
			runOnlyForDeploymentPostprocessing = 0;
		};
/* End PBXFrameworksBuildPhase section */

/* Begin PBXGroup section */
		423A1B71297C9433008DA7A0 /* Model */ = {
			isa = PBXGroup;
			children = (
				423A1B72297C9450008DA7A0 /* Volume.swift */,
				17F7149D29838EFE00A9BCC2 /* User.swift */,
			);
			path = Model;
			sourceTree = "<group>";
		};
		423A1B7B297DF340008DA7A0 /* viewModel */ = {
			isa = PBXGroup;
			children = (
				42BD9F7129750742003DE7E0 /* SheetManager.swift */,
				423A1B67297C8BBE008DA7A0 /* GoogleBooksConnection Serice.swift */,
				423A1B92297F8549008DA7A0 /* AppDelegate.swift */,
				1714233C2983187F00C539B0 /* FireBaseAuthenticator.swift */,
				17F7149F2983902100A9BCC2 /* FirebaseDatabaseConnection.swift */,
			);
			path = viewModel;
			sourceTree = "<group>";
		};
		423A1B7C297DF350008DA7A0 /* View */ = {
			isa = PBXGroup;
			children = (
				42BD9F4229750141003DE7E0 /* ContentView.swift */,
				42BD9F6A29750539003DE7E0 /* LibraryView.swift */,
				42BD9F6F2975059F003DE7E0 /* SettingView.swift */,
				42BD9F6C2975056D003DE7E0 /* SearchView.swift */,
				423A1B81297DF82E008DA7A0 /* SearchBarView.swift */,
				423A1B62297C87B6008DA7A0 /* DisscussView.swift */,
				423A1B7F297DF761008DA7A0 /* TabBarView.swift */,
				423A1B94297F8B0F008DA7A0 /* BookDetailedView.swift */,
				1714233A29830E9200C539B0 /* SignInView.swift */,
				17F7149B2983569C00A9BCC2 /* SignUpView.swift */,
			);
			path = View;
			sourceTree = "<group>";
		};
		42BD9F3429750141003DE7E0 = {
			isa = PBXGroup;
			children = (
				42BD9F5029750143003DE7E0 /* BookReadingTests */,
				42BD9F3F29750141003DE7E0 /* BookReading */,
				42BD9F5A29750143003DE7E0 /* BookReadingUITests */,
				42BD9F3E29750141003DE7E0 /* Products */,
			);
			sourceTree = "<group>";
		};
		42BD9F3E29750141003DE7E0 /* Products */ = {
			isa = PBXGroup;
			children = (
				42BD9F3D29750141003DE7E0 /* BookReading.app */,
				42BD9F4D29750143003DE7E0 /* BookReadingTests.xctest */,
				42BD9F5729750143003DE7E0 /* BookReadingUITests.xctest */,
			);
			name = Products;
			sourceTree = "<group>";
		};
		42BD9F3F29750141003DE7E0 /* BookReading */ = {
			isa = PBXGroup;
			children = (
				423A1B83297F84B1008DA7A0 /* GoogleService-Info.plist */,
				423A1B7A297DE16F008DA7A0 /* Info.plist */,
				423A1B7C297DF350008DA7A0 /* View */,
				423A1B7B297DF340008DA7A0 /* viewModel */,
				423A1B71297C9433008DA7A0 /* Model */,
				42BD9F4029750141003DE7E0 /* BookReadingApp.swift */,
				42BD9F4629750142003DE7E0 /* Preview Content */,
			);
			path = BookReading;
			sourceTree = "<group>";
		};
		42BD9F4629750142003DE7E0 /* Preview Content */ = {
			isa = PBXGroup;
			children = (
				42BD9F4729750142003DE7E0 /* Preview Assets.xcassets */,
			);
			path = "Preview Content";
			sourceTree = "<group>";
		};
		42BD9F5029750143003DE7E0 /* BookReadingTests */ = {
			isa = PBXGroup;
			children = (
				42BD9F4429750142003DE7E0 /* Assets.xcassets */,
			);
			path = BookReadingTests;
			sourceTree = "<group>";
		};
		42BD9F5A29750143003DE7E0 /* BookReadingUITests */ = {
			isa = PBXGroup;
			children = (
				42BD9F5B29750143003DE7E0 /* BookReadingUITests.swift */,
				42BD9F5D29750143003DE7E0 /* BookReadingUITestsLaunchTests.swift */,
			);
			path = BookReadingUITests;
			sourceTree = "<group>";
		};
/* End PBXGroup section */

/* Begin PBXNativeTarget section */
		42BD9F3C29750141003DE7E0 /* BookReading */ = {
			isa = PBXNativeTarget;
			buildConfigurationList = 42BD9F6129750143003DE7E0 /* Build configuration list for PBXNativeTarget "BookReading" */;
			buildPhases = (
				42BD9F3929750141003DE7E0 /* Sources */,
				42BD9F3A29750141003DE7E0 /* Frameworks */,
				42BD9F3B29750141003DE7E0 /* Resources */,
			);
			buildRules = (
			);
			dependencies = (
			);
			name = BookReading;
			packageProductDependencies = (
				423A1B75297DD4BA008DA7A0 /* SDWebImageSwiftUI */,
				423A1B78297DD4D4008DA7A0 /* SwiftyJSON */,
				423A1B86297F851A008DA7A0 /* FirebaseAuth */,
				423A1B88297F851A008DA7A0 /* FirebaseAuthCombine-Community */,
				423A1B8A297F851A008DA7A0 /* FirebaseDatabase */,
				423A1B8C297F851A008DA7A0 /* FirebaseDatabaseSwift */,
				423A1B8E297F851A008DA7A0 /* FirebaseFirestore */,
				423A1B90297F851A008DA7A0 /* FirebaseStorage */,
				17F714A22983906900A9BCC2 /* FirebaseDatabase */,
				17F714A42983906900A9BCC2 /* FirebaseFirestore */,
				17F714A62983906900A9BCC2 /* FirebaseFirestoreCombine-Community */,
			);
			productName = BookReading;
			productReference = 42BD9F3D29750141003DE7E0 /* BookReading.app */;
			productType = "com.apple.product-type.application";
		};
		42BD9F4C29750143003DE7E0 /* BookReadingTests */ = {
			isa = PBXNativeTarget;
			buildConfigurationList = 42BD9F6429750143003DE7E0 /* Build configuration list for PBXNativeTarget "BookReadingTests" */;
			buildPhases = (
				42BD9F4929750143003DE7E0 /* Sources */,
				42BD9F4A29750143003DE7E0 /* Frameworks */,
				42BD9F4B29750143003DE7E0 /* Resources */,
			);
			buildRules = (
			);
			dependencies = (
				42BD9F4F29750143003DE7E0 /* PBXTargetDependency */,
			);
			name = BookReadingTests;
			productName = BookReadingTests;
			productReference = 42BD9F4D29750143003DE7E0 /* BookReadingTests.xctest */;
			productType = "com.apple.product-type.bundle.unit-test";
		};
		42BD9F5629750143003DE7E0 /* BookReadingUITests */ = {
			isa = PBXNativeTarget;
			buildConfigurationList = 42BD9F6729750143003DE7E0 /* Build configuration list for PBXNativeTarget "BookReadingUITests" */;
			buildPhases = (
				42BD9F5329750143003DE7E0 /* Sources */,
				42BD9F5429750143003DE7E0 /* Frameworks */,
				42BD9F5529750143003DE7E0 /* Resources */,
			);
			buildRules = (
			);
			dependencies = (
				42BD9F5929750143003DE7E0 /* PBXTargetDependency */,
			);
			name = BookReadingUITests;
			productName = BookReadingUITests;
			productReference = 42BD9F5729750143003DE7E0 /* BookReadingUITests.xctest */;
			productType = "com.apple.product-type.bundle.ui-testing";
		};
/* End PBXNativeTarget section */

/* Begin PBXProject section */
		42BD9F3529750141003DE7E0 /* Project object */ = {
			isa = PBXProject;
			attributes = {
				BuildIndependentTargetsInParallel = 1;
				LastSwiftUpdateCheck = 1420;
				LastUpgradeCheck = 1420;
				TargetAttributes = {
					42BD9F3C29750141003DE7E0 = {
						CreatedOnToolsVersion = 14.2;
					};
					42BD9F4C29750143003DE7E0 = {
						CreatedOnToolsVersion = 14.2;
						TestTargetID = 42BD9F3C29750141003DE7E0;
					};
					42BD9F5629750143003DE7E0 = {
						CreatedOnToolsVersion = 14.2;
						TestTargetID = 42BD9F3C29750141003DE7E0;
					};
				};
			};
			buildConfigurationList = 42BD9F3829750141003DE7E0 /* Build configuration list for PBXProject "BookReading" */;
			compatibilityVersion = "Xcode 13.0";
			developmentRegion = en;
			hasScannedForEncodings = 0;
			knownRegions = (
				en,
				Base,
			);
			mainGroup = 42BD9F3429750141003DE7E0;
			packageReferences = (
				423A1B74297DD4BA008DA7A0 /* XCRemoteSwiftPackageReference "SDWebImageSwiftUI" */,
				423A1B77297DD4D4008DA7A0 /* XCRemoteSwiftPackageReference "SwiftyJSON" */,
				423A1B85297F851A008DA7A0 /* XCRemoteSwiftPackageReference "firebase-ios-sdk" */,
				17F714A12983906900A9BCC2 /* XCRemoteSwiftPackageReference "firebase-ios-sdk" */,
			);
			productRefGroup = 42BD9F3E29750141003DE7E0 /* Products */;
			projectDirPath = "";
			projectRoot = "";
			targets = (
				42BD9F3C29750141003DE7E0 /* BookReading */,
				42BD9F4C29750143003DE7E0 /* BookReadingTests */,
				42BD9F5629750143003DE7E0 /* BookReadingUITests */,
			);
		};
/* End PBXProject section */

/* Begin PBXResourcesBuildPhase section */
		42BD9F3B29750141003DE7E0 /* Resources */ = {
			isa = PBXResourcesBuildPhase;
			buildActionMask = 2147483647;
			files = (
				42BD9F4829750142003DE7E0 /* Preview Assets.xcassets in Resources */,
				42BD9F4529750142003DE7E0 /* Assets.xcassets in Resources */,
				423A1B84297F84B1008DA7A0 /* GoogleService-Info.plist in Resources */,
			);
			runOnlyForDeploymentPostprocessing = 0;
		};
		42BD9F4B29750143003DE7E0 /* Resources */ = {
			isa = PBXResourcesBuildPhase;
			buildActionMask = 2147483647;
			files = (
			);
			runOnlyForDeploymentPostprocessing = 0;
		};
		42BD9F5529750143003DE7E0 /* Resources */ = {
			isa = PBXResourcesBuildPhase;
			buildActionMask = 2147483647;
			files = (
			);
			runOnlyForDeploymentPostprocessing = 0;
		};
/* End PBXResourcesBuildPhase section */

/* Begin PBXSourcesBuildPhase section */
		42BD9F3929750141003DE7E0 /* Sources */ = {
			isa = PBXSourcesBuildPhase;
			buildActionMask = 2147483647;
			files = (
				423A1B93297F8549008DA7A0 /* AppDelegate.swift in Sources */,
				42BD9F6D2975056D003DE7E0 /* SearchView.swift in Sources */,
				1714233D2983187F00C539B0 /* FireBaseAuthenticator.swift in Sources */,
				42BD9F7229750742003DE7E0 /* SheetManager.swift in Sources */,
				423A1B95297F8B0F008DA7A0 /* BookDetailedView.swift in Sources */,
				42BD9F4329750141003DE7E0 /* ContentView.swift in Sources */,
				423A1B63297C87B6008DA7A0 /* DisscussView.swift in Sources */,
				17F7149E29838EFE00A9BCC2 /* User.swift in Sources */,
				423A1B73297C9450008DA7A0 /* Volume.swift in Sources */,
				42BD9F702975059F003DE7E0 /* SettingView.swift in Sources */,
				1714233B29830E9200C539B0 /* SignInView.swift in Sources */,
				42BD9F6B29750539003DE7E0 /* LibraryView.swift in Sources */,
				423A1B82297DF82E008DA7A0 /* SearchBarView.swift in Sources */,
				17F7149C2983569C00A9BCC2 /* SignUpView.swift in Sources */,
				42BD9F4129750141003DE7E0 /* BookReadingApp.swift in Sources */,
				423A1B80297DF761008DA7A0 /* TabBarView.swift in Sources */,
				17F714A02983902100A9BCC2 /* FirebaseDatabaseConnection.swift in Sources */,
				423A1B68297C8BBE008DA7A0 /* GoogleBooksConnection Serice.swift in Sources */,
			);
			runOnlyForDeploymentPostprocessing = 0;
		};
		42BD9F4929750143003DE7E0 /* Sources */ = {
			isa = PBXSourcesBuildPhase;
			buildActionMask = 2147483647;
			files = (
			);
			runOnlyForDeploymentPostprocessing = 0;
		};
		42BD9F5329750143003DE7E0 /* Sources */ = {
			isa = PBXSourcesBuildPhase;
			buildActionMask = 2147483647;
			files = (
				42BD9F5E29750143003DE7E0 /* BookReadingUITestsLaunchTests.swift in Sources */,
				42BD9F5C29750143003DE7E0 /* BookReadingUITests.swift in Sources */,
			);
			runOnlyForDeploymentPostprocessing = 0;
		};
/* End PBXSourcesBuildPhase section */

/* Begin PBXTargetDependency section */
		42BD9F4F29750143003DE7E0 /* PBXTargetDependency */ = {
			isa = PBXTargetDependency;
			target = 42BD9F3C29750141003DE7E0 /* BookReading */;
			targetProxy = 42BD9F4E29750143003DE7E0 /* PBXContainerItemProxy */;
		};
		42BD9F5929750143003DE7E0 /* PBXTargetDependency */ = {
			isa = PBXTargetDependency;
			target = 42BD9F3C29750141003DE7E0 /* BookReading */;
			targetProxy = 42BD9F5829750143003DE7E0 /* PBXContainerItemProxy */;
		};
/* End PBXTargetDependency section */

/* Begin XCBuildConfiguration section */
		42BD9F5F29750143003DE7E0 /* Debug */ = {
			isa = XCBuildConfiguration;
			buildSettings = {
				ALWAYS_SEARCH_USER_PATHS = NO;
				CLANG_ANALYZER_NONNULL = YES;
				CLANG_ANALYZER_NUMBER_OBJECT_CONVERSION = YES_AGGRESSIVE;
				CLANG_CXX_LANGUAGE_STANDARD = "gnu++20";
				CLANG_ENABLE_MODULES = YES;
				CLANG_ENABLE_OBJC_ARC = YES;
				CLANG_ENABLE_OBJC_WEAK = YES;
				CLANG_WARN_BLOCK_CAPTURE_AUTORELEASING = YES;
				CLANG_WARN_BOOL_CONVERSION = YES;
				CLANG_WARN_COMMA = YES;
				CLANG_WARN_CONSTANT_CONVERSION = YES;
				CLANG_WARN_DEPRECATED_OBJC_IMPLEMENTATIONS = YES;
				CLANG_WARN_DIRECT_OBJC_ISA_USAGE = YES_ERROR;
				CLANG_WARN_DOCUMENTATION_COMMENTS = YES;
				CLANG_WARN_EMPTY_BODY = YES;
				CLANG_WARN_ENUM_CONVERSION = YES;
				CLANG_WARN_INFINITE_RECURSION = YES;
				CLANG_WARN_INT_CONVERSION = YES;
				CLANG_WARN_NON_LITERAL_NULL_CONVERSION = YES;
				CLANG_WARN_OBJC_IMPLICIT_RETAIN_SELF = YES;
				CLANG_WARN_OBJC_LITERAL_CONVERSION = YES;
				CLANG_WARN_OBJC_ROOT_CLASS = YES_ERROR;
				CLANG_WARN_QUOTED_INCLUDE_IN_FRAMEWORK_HEADER = YES;
				CLANG_WARN_RANGE_LOOP_ANALYSIS = YES;
				CLANG_WARN_STRICT_PROTOTYPES = YES;
				CLANG_WARN_SUSPICIOUS_MOVE = YES;
				CLANG_WARN_UNGUARDED_AVAILABILITY = YES_AGGRESSIVE;
				CLANG_WARN_UNREACHABLE_CODE = YES;
				CLANG_WARN__DUPLICATE_METHOD_MATCH = YES;
				COPY_PHASE_STRIP = NO;
				DEBUG_INFORMATION_FORMAT = dwarf;
				ENABLE_STRICT_OBJC_MSGSEND = YES;
				ENABLE_TESTABILITY = YES;
				GCC_C_LANGUAGE_STANDARD = gnu11;
				GCC_DYNAMIC_NO_PIC = NO;
				GCC_NO_COMMON_BLOCKS = YES;
				GCC_OPTIMIZATION_LEVEL = 0;
				GCC_PREPROCESSOR_DEFINITIONS = (
					"DEBUG=1",
					"$(inherited)",
				);
				GCC_WARN_64_TO_32_BIT_CONVERSION = YES;
				GCC_WARN_ABOUT_RETURN_TYPE = YES_ERROR;
				GCC_WARN_UNDECLARED_SELECTOR = YES;
				GCC_WARN_UNINITIALIZED_AUTOS = YES_AGGRESSIVE;
				GCC_WARN_UNUSED_FUNCTION = YES;
				GCC_WARN_UNUSED_VARIABLE = YES;
				IPHONEOS_DEPLOYMENT_TARGET = 15.0;
				MTL_ENABLE_DEBUG_INFO = INCLUDE_SOURCE;
				MTL_FAST_MATH = YES;
				ONLY_ACTIVE_ARCH = YES;
				SDKROOT = iphoneos;
				SWIFT_ACTIVE_COMPILATION_CONDITIONS = DEBUG;
				SWIFT_OPTIMIZATION_LEVEL = "-Onone";
			};
			name = Debug;
		};
		42BD9F6029750143003DE7E0 /* Release */ = {
			isa = XCBuildConfiguration;
			buildSettings = {
				ALWAYS_SEARCH_USER_PATHS = NO;
				CLANG_ANALYZER_NONNULL = YES;
				CLANG_ANALYZER_NUMBER_OBJECT_CONVERSION = YES_AGGRESSIVE;
				CLANG_CXX_LANGUAGE_STANDARD = "gnu++20";
				CLANG_ENABLE_MODULES = YES;
				CLANG_ENABLE_OBJC_ARC = YES;
				CLANG_ENABLE_OBJC_WEAK = YES;
				CLANG_WARN_BLOCK_CAPTURE_AUTORELEASING = YES;
				CLANG_WARN_BOOL_CONVERSION = YES;
				CLANG_WARN_COMMA = YES;
				CLANG_WARN_CONSTANT_CONVERSION = YES;
				CLANG_WARN_DEPRECATED_OBJC_IMPLEMENTATIONS = YES;
				CLANG_WARN_DIRECT_OBJC_ISA_USAGE = YES_ERROR;
				CLANG_WARN_DOCUMENTATION_COMMENTS = YES;
				CLANG_WARN_EMPTY_BODY = YES;
				CLANG_WARN_ENUM_CONVERSION = YES;
				CLANG_WARN_INFINITE_RECURSION = YES;
				CLANG_WARN_INT_CONVERSION = YES;
				CLANG_WARN_NON_LITERAL_NULL_CONVERSION = YES;
				CLANG_WARN_OBJC_IMPLICIT_RETAIN_SELF = YES;
				CLANG_WARN_OBJC_LITERAL_CONVERSION = YES;
				CLANG_WARN_OBJC_ROOT_CLASS = YES_ERROR;
				CLANG_WARN_QUOTED_INCLUDE_IN_FRAMEWORK_HEADER = YES;
				CLANG_WARN_RANGE_LOOP_ANALYSIS = YES;
				CLANG_WARN_STRICT_PROTOTYPES = YES;
				CLANG_WARN_SUSPICIOUS_MOVE = YES;
				CLANG_WARN_UNGUARDED_AVAILABILITY = YES_AGGRESSIVE;
				CLANG_WARN_UNREACHABLE_CODE = YES;
				CLANG_WARN__DUPLICATE_METHOD_MATCH = YES;
				COPY_PHASE_STRIP = NO;
				DEBUG_INFORMATION_FORMAT = "dwarf-with-dsym";
				ENABLE_NS_ASSERTIONS = NO;
				ENABLE_STRICT_OBJC_MSGSEND = YES;
				GCC_C_LANGUAGE_STANDARD = gnu11;
				GCC_NO_COMMON_BLOCKS = YES;
				GCC_WARN_64_TO_32_BIT_CONVERSION = YES;
				GCC_WARN_ABOUT_RETURN_TYPE = YES_ERROR;
				GCC_WARN_UNDECLARED_SELECTOR = YES;
				GCC_WARN_UNINITIALIZED_AUTOS = YES_AGGRESSIVE;
				GCC_WARN_UNUSED_FUNCTION = YES;
				GCC_WARN_UNUSED_VARIABLE = YES;
				IPHONEOS_DEPLOYMENT_TARGET = 15.0;
				MTL_ENABLE_DEBUG_INFO = NO;
				MTL_FAST_MATH = YES;
				SDKROOT = iphoneos;
				SWIFT_COMPILATION_MODE = wholemodule;
				SWIFT_OPTIMIZATION_LEVEL = "-O";
				VALIDATE_PRODUCT = YES;
			};
			name = Release;
		};
		42BD9F6229750143003DE7E0 /* Debug */ = {
			isa = XCBuildConfiguration;
			buildSettings = {
				ASSETCATALOG_COMPILER_APPICON_NAME = AppIcon;
				ASSETCATALOG_COMPILER_GLOBAL_ACCENT_COLOR_NAME = AccentColor;
				CODE_SIGN_STYLE = Automatic;
				CURRENT_PROJECT_VERSION = 1;
				DEVELOPMENT_ASSET_PATHS = "\"BookReading/Preview Content\"";
				ENABLE_PREVIEWS = YES;
				GENERATE_INFOPLIST_FILE = YES;
				INFOPLIST_FILE = BookReading/Info.plist;
				INFOPLIST_KEY_UIApplicationSceneManifest_Generation = YES;
				INFOPLIST_KEY_UIApplicationSupportsIndirectInputEvents = YES;
				INFOPLIST_KEY_UILaunchScreen_Generation = YES;
				INFOPLIST_KEY_UISupportedInterfaceOrientations_iPad = "UIInterfaceOrientationPortrait UIInterfaceOrientationPortraitUpsideDown UIInterfaceOrientationLandscapeLeft UIInterfaceOrientationLandscapeRight";
				INFOPLIST_KEY_UISupportedInterfaceOrientations_iPhone = "UIInterfaceOrientationPortrait UIInterfaceOrientationLandscapeLeft UIInterfaceOrientationLandscapeRight";
				LD_RUNPATH_SEARCH_PATHS = (
					"$(inherited)",
					"@executable_path/Frameworks",
				);
				MARKETING_VERSION = 1.0;
				PRODUCT_BUNDLE_IDENTIFIER = Arvin.BookReading;
				PRODUCT_NAME = "$(TARGET_NAME)";
				SWIFT_EMIT_LOC_STRINGS = YES;
				SWIFT_VERSION = 5.0;
				TARGETED_DEVICE_FAMILY = "1,2";
			};
			name = Debug;
		};
		42BD9F6329750143003DE7E0 /* Release */ = {
			isa = XCBuildConfiguration;
			buildSettings = {
				ASSETCATALOG_COMPILER_APPICON_NAME = AppIcon;
				ASSETCATALOG_COMPILER_GLOBAL_ACCENT_COLOR_NAME = AccentColor;
				CODE_SIGN_STYLE = Automatic;
				CURRENT_PROJECT_VERSION = 1;
				DEVELOPMENT_ASSET_PATHS = "\"BookReading/Preview Content\"";
				ENABLE_PREVIEWS = YES;
				GENERATE_INFOPLIST_FILE = YES;
				INFOPLIST_FILE = BookReading/Info.plist;
				INFOPLIST_KEY_UIApplicationSceneManifest_Generation = YES;
				INFOPLIST_KEY_UIApplicationSupportsIndirectInputEvents = YES;
				INFOPLIST_KEY_UILaunchScreen_Generation = YES;
				INFOPLIST_KEY_UISupportedInterfaceOrientations_iPad = "UIInterfaceOrientationPortrait UIInterfaceOrientationPortraitUpsideDown UIInterfaceOrientationLandscapeLeft UIInterfaceOrientationLandscapeRight";
				INFOPLIST_KEY_UISupportedInterfaceOrientations_iPhone = "UIInterfaceOrientationPortrait UIInterfaceOrientationLandscapeLeft UIInterfaceOrientationLandscapeRight";
				LD_RUNPATH_SEARCH_PATHS = (
					"$(inherited)",
					"@executable_path/Frameworks",
				);
				MARKETING_VERSION = 1.0;
				PRODUCT_BUNDLE_IDENTIFIER = Arvin.BookReading;
				PRODUCT_NAME = "$(TARGET_NAME)";
				SWIFT_EMIT_LOC_STRINGS = YES;
				SWIFT_VERSION = 5.0;
				TARGETED_DEVICE_FAMILY = "1,2";
			};
			name = Release;
		};
		42BD9F6529750143003DE7E0 /* Debug */ = {
			isa = XCBuildConfiguration;
			buildSettings = {
				ALWAYS_EMBED_SWIFT_STANDARD_LIBRARIES = YES;
				BUNDLE_LOADER = "$(TEST_HOST)";
				CODE_SIGN_STYLE = Automatic;
				CURRENT_PROJECT_VERSION = 1;
				GENERATE_INFOPLIST_FILE = YES;
				IPHONEOS_DEPLOYMENT_TARGET = 16.2;
				MARKETING_VERSION = 1.0;
				PRODUCT_BUNDLE_IDENTIFIER = Arvin.BookReadingTests;
				PRODUCT_NAME = "$(TARGET_NAME)";
				SWIFT_EMIT_LOC_STRINGS = NO;
				SWIFT_VERSION = 5.0;
				TARGETED_DEVICE_FAMILY = "1,2";
				TEST_HOST = "$(BUILT_PRODUCTS_DIR)/BookReading.app/$(BUNDLE_EXECUTABLE_FOLDER_PATH)/BookReading";
			};
			name = Debug;
		};
		42BD9F6629750143003DE7E0 /* Release */ = {
			isa = XCBuildConfiguration;
			buildSettings = {
				ALWAYS_EMBED_SWIFT_STANDARD_LIBRARIES = YES;
				BUNDLE_LOADER = "$(TEST_HOST)";
				CODE_SIGN_STYLE = Automatic;
				CURRENT_PROJECT_VERSION = 1;
				GENERATE_INFOPLIST_FILE = YES;
				IPHONEOS_DEPLOYMENT_TARGET = 16.2;
				MARKETING_VERSION = 1.0;
				PRODUCT_BUNDLE_IDENTIFIER = Arvin.BookReadingTests;
				PRODUCT_NAME = "$(TARGET_NAME)";
				SWIFT_EMIT_LOC_STRINGS = NO;
				SWIFT_VERSION = 5.0;
				TARGETED_DEVICE_FAMILY = "1,2";
				TEST_HOST = "$(BUILT_PRODUCTS_DIR)/BookReading.app/$(BUNDLE_EXECUTABLE_FOLDER_PATH)/BookReading";
			};
			name = Release;
		};
		42BD9F6829750143003DE7E0 /* Debug */ = {
			isa = XCBuildConfiguration;
			buildSettings = {
				ALWAYS_EMBED_SWIFT_STANDARD_LIBRARIES = YES;
				CODE_SIGN_STYLE = Automatic;
				CURRENT_PROJECT_VERSION = 1;
				GENERATE_INFOPLIST_FILE = YES;
				MARKETING_VERSION = 1.0;
				PRODUCT_BUNDLE_IDENTIFIER = Arvin.BookReadingUITests;
				PRODUCT_NAME = "$(TARGET_NAME)";
				SWIFT_EMIT_LOC_STRINGS = NO;
				SWIFT_VERSION = 5.0;
				TARGETED_DEVICE_FAMILY = "1,2";
				TEST_TARGET_NAME = BookReading;
			};
			name = Debug;
		};
		42BD9F6929750143003DE7E0 /* Release */ = {
			isa = XCBuildConfiguration;
			buildSettings = {
				ALWAYS_EMBED_SWIFT_STANDARD_LIBRARIES = YES;
				CODE_SIGN_STYLE = Automatic;
				CURRENT_PROJECT_VERSION = 1;
				GENERATE_INFOPLIST_FILE = YES;
				MARKETING_VERSION = 1.0;
				PRODUCT_BUNDLE_IDENTIFIER = Arvin.BookReadingUITests;
				PRODUCT_NAME = "$(TARGET_NAME)";
				SWIFT_EMIT_LOC_STRINGS = NO;
				SWIFT_VERSION = 5.0;
				TARGETED_DEVICE_FAMILY = "1,2";
				TEST_TARGET_NAME = BookReading;
			};
			name = Release;
		};
/* End XCBuildConfiguration section */

/* Begin XCConfigurationList section */
		42BD9F3829750141003DE7E0 /* Build configuration list for PBXProject "BookReading" */ = {
			isa = XCConfigurationList;
			buildConfigurations = (
				42BD9F5F29750143003DE7E0 /* Debug */,
				42BD9F6029750143003DE7E0 /* Release */,
			);
			defaultConfigurationIsVisible = 0;
			defaultConfigurationName = Release;
		};
		42BD9F6129750143003DE7E0 /* Build configuration list for PBXNativeTarget "BookReading" */ = {
			isa = XCConfigurationList;
			buildConfigurations = (
				42BD9F6229750143003DE7E0 /* Debug */,
				42BD9F6329750143003DE7E0 /* Release */,
			);
			defaultConfigurationIsVisible = 0;
			defaultConfigurationName = Release;
		};
		42BD9F6429750143003DE7E0 /* Build configuration list for PBXNativeTarget "BookReadingTests" */ = {
			isa = XCConfigurationList;
			buildConfigurations = (
				42BD9F6529750143003DE7E0 /* Debug */,
				42BD9F6629750143003DE7E0 /* Release */,
			);
			defaultConfigurationIsVisible = 0;
			defaultConfigurationName = Release;
		};
		42BD9F6729750143003DE7E0 /* Build configuration list for PBXNativeTarget "BookReadingUITests" */ = {
			isa = XCConfigurationList;
			buildConfigurations = (
				42BD9F6829750143003DE7E0 /* Debug */,
				42BD9F6929750143003DE7E0 /* Release */,
			);
			defaultConfigurationIsVisible = 0;
			defaultConfigurationName = Release;
		};
/* End XCConfigurationList section */

/* Begin XCRemoteSwiftPackageReference section */
		17F714A12983906900A9BCC2 /* XCRemoteSwiftPackageReference "firebase-ios-sdk" */ = {
			isa = XCRemoteSwiftPackageReference;
			repositoryURL = "https://github.com/firebase/firebase-ios-sdk";
			requirement = {
				kind = upToNextMajorVersion;
				minimumVersion = 9.0.0;
			};
		};
		423A1B74297DD4BA008DA7A0 /* XCRemoteSwiftPackageReference "SDWebImageSwiftUI" */ = {
			isa = XCRemoteSwiftPackageReference;
			repositoryURL = "https://github.com/SDWebImage/SDWebImageSwiftUI";
			requirement = {
				kind = upToNextMajorVersion;
				minimumVersion = 2.0.0;
			};
		};
		423A1B77297DD4D4008DA7A0 /* XCRemoteSwiftPackageReference "SwiftyJSON" */ = {
			isa = XCRemoteSwiftPackageReference;
			repositoryURL = "https://github.com/SwiftyJSON/SwiftyJSON";
			requirement = {
				branch = master;
				kind = branch;
			};
		};
		423A1B85297F851A008DA7A0 /* XCRemoteSwiftPackageReference "firebase-ios-sdk" */ = {
			isa = XCRemoteSwiftPackageReference;
			repositoryURL = "https://github.com/firebase/firebase-ios-sdk";
			requirement = {
				branch = master;
				kind = branch;
			};
		};
/* End XCRemoteSwiftPackageReference section */

/* Begin XCSwiftPackageProductDependency section */
		17F714A22983906900A9BCC2 /* FirebaseDatabase */ = {
			isa = XCSwiftPackageProductDependency;
			package = 17F714A12983906900A9BCC2 /* XCRemoteSwiftPackageReference "firebase-ios-sdk" */;
			productName = FirebaseDatabase;
		};
		17F714A42983906900A9BCC2 /* FirebaseFirestore */ = {
			isa = XCSwiftPackageProductDependency;
			package = 17F714A12983906900A9BCC2 /* XCRemoteSwiftPackageReference "firebase-ios-sdk" */;
			productName = FirebaseFirestore;
		};
		17F714A62983906900A9BCC2 /* FirebaseFirestoreCombine-Community */ = {
			isa = XCSwiftPackageProductDependency;
			package = 17F714A12983906900A9BCC2 /* XCRemoteSwiftPackageReference "firebase-ios-sdk" */;
			productName = "FirebaseFirestoreCombine-Community";
		};
		423A1B75297DD4BA008DA7A0 /* SDWebImageSwiftUI */ = {
			isa = XCSwiftPackageProductDependency;
			package = 423A1B74297DD4BA008DA7A0 /* XCRemoteSwiftPackageReference "SDWebImageSwiftUI" */;
			productName = SDWebImageSwiftUI;
		};
		423A1B78297DD4D4008DA7A0 /* SwiftyJSON */ = {
			isa = XCSwiftPackageProductDependency;
			package = 423A1B77297DD4D4008DA7A0 /* XCRemoteSwiftPackageReference "SwiftyJSON" */;
			productName = SwiftyJSON;
		};
		423A1B86297F851A008DA7A0 /* FirebaseAuth */ = {
			isa = XCSwiftPackageProductDependency;
			package = 423A1B85297F851A008DA7A0 /* XCRemoteSwiftPackageReference "firebase-ios-sdk" */;
			productName = FirebaseAuth;
		};
		423A1B88297F851A008DA7A0 /* FirebaseAuthCombine-Community */ = {
			isa = XCSwiftPackageProductDependency;
			package = 423A1B85297F851A008DA7A0 /* XCRemoteSwiftPackageReference "firebase-ios-sdk" */;
			productName = "FirebaseAuthCombine-Community";
		};
		423A1B8A297F851A008DA7A0 /* FirebaseDatabase */ = {
			isa = XCSwiftPackageProductDependency;
			package = 423A1B85297F851A008DA7A0 /* XCRemoteSwiftPackageReference "firebase-ios-sdk" */;
			productName = FirebaseDatabase;
		};
		423A1B8C297F851A008DA7A0 /* FirebaseDatabaseSwift */ = {
			isa = XCSwiftPackageProductDependency;
			package = 423A1B85297F851A008DA7A0 /* XCRemoteSwiftPackageReference "firebase-ios-sdk" */;
			productName = FirebaseDatabaseSwift;
		};
		423A1B8E297F851A008DA7A0 /* FirebaseFirestore */ = {
			isa = XCSwiftPackageProductDependency;
			package = 423A1B85297F851A008DA7A0 /* XCRemoteSwiftPackageReference "firebase-ios-sdk" */;
			productName = FirebaseFirestore;
		};
		423A1B90297F851A008DA7A0 /* FirebaseStorage */ = {
			isa = XCSwiftPackageProductDependency;
			package = 423A1B85297F851A008DA7A0 /* XCRemoteSwiftPackageReference "firebase-ios-sdk" */;
			productName = FirebaseStorage;
		};
/* End XCSwiftPackageProductDependency section */
	};
	rootObject = 42BD9F3529750141003DE7E0 /* Project object */;
}
